github.com/AgustinSRG/genv v1.0.0 h1:yQO7F41wRO+omi7rKXiYTzpYD3ViOOqFYjeNyCqxbWE=
github.com/AgustinSRG/genv v1.0.0/go.mod h1:/Sc1lWYugqlojDn54ueleveCxw0ee3GbZxPtoh3EujQ=
github.com/AgustinSRG/glog v1.0.1 h1:jZGyDCLeLaJd6rwPXVxRIZvuQq2kmSxbZOySREDZ+r8=
github.com/AgustinSRG/glog v1.0.1/go.mod h1:Yg/g19FNmm5zp/eaVDV8EvKJoEVz4ry6EgSQHinMTAA=
github.com/AgustinSRG/go-child-process-manager v1.0.1 h1:wZpPE0LAXc5rzlU028CDt/K/Woc2IhgCV4/g+9x2WHo=
github.com/AgustinSRG/go-child-process-manager v1.0.1/go.mod h1:JgXUSAhyOo1awWbBKGVJ4fU9a5Q6JBo4eR+sXqmYC1w=
github.com/davecgh/go-spew v1.1.1 h1:vj9j/u1bqnvCEfJOwUhtlOARqs3+rkHYY13jYWTU97c=
github.com/davecgh/go-spew v1.1.1/go.mod h1:J7Y8YcW2NihsgmVo/mv3lAwl/skON4iLHjSsI+c5H38=
github.com/kballard/go-shellquote v0.0.0-20180428030007-95032a82bc51 h1:Z9n2FFNUXsshfwJMBgNA0RU6/i7WVaAegv3PtuIHPMs=
github.com/kballard/go-shellquote v0.0.0-20180428030007-95032a82bc51/go.mod h1:CzGEWj7cYgsdH8dAjBGEr58BoE7ScuLd+fwFZ44+/x8=
github.com/pmezard/go-difflib v1.0.0 h1:4DBwDE0NGyQoBHbLQYPwSUPoCMWR5BEzIk/f1lZbAQM=
github.com/pmezard/go-difflib v1.0.0/go.mod h1:iKH77koFhYxTK1pcRnkKkqfTogsbg7gZNVY4sRDYZ/4=
github.com/stretchr/testify v1.10.0 h1:Xv5erBjTwe/5IxqUQTdXv5kgmIvbHo3QQyRwhJsOfJA=
github.com/stretchr/testify v1.10.0/go.mod h1:r2ic/lqez/lEtzL7wO/rwa5dbSLXVDPFyf8C91i36aY=
golang.org/x/sys v0.0.0-20220825204002-c680a09ffe64 h1:UiNENfZ8gDvpiWw7IpOMQ27spWmThO1RwwdQVbJahJM=
golang.org/x/sys v0.0.0-20220825204002-c680a09ffe64/go.mod h1:oPkhp1MJrh7nUepCBck5+mAzfO9JrbApNNgaTdGDITg=
gopkg.in/yaml.v3 v3.0.1 h1:fxVm/GzAzEWqLHuvctI91KS9hhNmmWOoWu0XTYJS7CA=
gopkg.in/yaml.v3 v3.0.1/go.mod h1:K4uyk7z7BCEPqu6E+C64Yfv1cQ7kz7rIZviUmN+EgEM=
